
Microsoft Visual Studio Solution File, Format Version 12.00
# Visual Studio Version 16
VisualStudioVersion = 16.0.30128.74
MinimumVisualStudioVersion = 10.0.40219.1
Project("{FAE04EC0-301F-11D3-BF4B-00C04F79EFBC}") = "SeminarUpisi", "SeminarUpisi\SeminarUpisi.csproj", "{CA95C151-FB6D-4240-9F37-C8B4F102F258}"
EndProject
Global
	GlobalSection(SolutionConfigurationPlatforms) = preSolution
		Debug|Any CPU = Debug|Any CPU
		Release|Any CPU = Release|Any CPU
	EndGlobalSection
	GlobalSection(ProjectConfigurationPlatforms) = postSolution
		{CA95C151-FB6D-4240-9F37-C8B4F102F258}.Debug|Any CPU.ActiveCfg = Debug|Any CPU
		{CA95C151-FB6D-4240-9F37-C8B4F102F258}.Debug|Any CPU.Build.0 = Debug|Any CPU
		{CA95C151-FB6D-4240-9F37-C8B4F102F258}.Release|Any CPU.ActiveCfg = Release|Any CPU
		{CA95C151-FB6D-4240-9F37-C8B4F102F258}.Release|Any CPU.Build.0 = Release|Any CPU
	EndGlobalSection
	GlobalSection(SolutionProperties) = preSolution
		HideSolutionNode = FALSE
	EndGlobalSection
	GlobalSection(ExtensibilityGlobals) = postSolution
		SolutionGuid = {772B4E80-B175-4635-922F-A06111D5A92D}
	EndGlobalSection
EndGlobal
